<?xml version="1.0" encoding="utf-8"?>
<Project ToolsVersion="4.0" xmlns="http://schemas.microsoft.com/developer/msbuild/2003">
  <ItemGroup>
    <Filter Include="CUDA">
      <UniqueIdentifier>{908bacf6-78e5-48c3-af10-b6bd15565939}</UniqueIdentifier>
    </Filter>
    <Filter Include="IPC">
      <UniqueIdentifier>{a2ddfdfc-2f33-4f77-bfb2-f900c5cc92b2}</UniqueIdentifier>
    </Filter>
    <Filter Include="VideoDecoder">
      <UniqueIdentifier>{1e5bb00f-92c4-477c-bfb2-038ae70788b1}</UniqueIdentifier>
    </Filter>
  </ItemGroup>
  <ItemGroup>
    <ClCompile Include="main.cc" />
    <ClCompile Include="VideoDecoder\video_decoder.cc" />
    <ClCompile Include="VideoDecoder\NvCodecs\NvDecoder.cpp" />
  </ItemGroup>
  <ItemGroup>
    <CudaCompile Include="test_kernel.cu">
      <Filter>CUDA</Filter>
    </CudaCompile>
    <CudaCompile Include="TransNetV2\transnetv2.cu">
      <Filter>CUDA</Filter>
    </CudaCompile>
    <CudaCompile Include="CLIP\clip.cu" />
    <CudaCompile Include="VideoDecoder\NvCodecs\BitDepth.cu" />
    <CudaCompile Include="VideoDecoder\NvCodecs\ColorSpace.cu" />
    <CudaCompile Include="VideoDecoder\NvCodecs\crc.cu" />
    <CudaCompile Include="VideoDecoder\NvCodecs\Resize.cu" />
  </ItemGroup>
  <ItemGroup>
    <ClInclude Include="test_kernel.cuh">
      <Filter>CUDA</Filter>
    </ClInclude>
    <ClInclude Include="TransNetV2\transnetv2.cuh">
      <Filter>CUDA</Filter>
    </ClInclude>
    <ClInclude Include="wrappers\CUDAThreadContext.h" />
    <ClInclude Include="common.h" />
    <ClInclude Include="CLIP\clip.cuh" />
    <ClInclude Include="wrappers\CUDADeviceMemory.h" />
    <ClInclude Include="wrappers\CUDAHostMemory.h" />
    <ClInclude Include="wrappers\CUDAStream.h" />
    <ClInclude Include="VideoDecoder\video_decoder.h" />
    <ClInclude Include="VideoDecoder\NvCodecs\ColorSpace.h" />
    <ClInclude Include="VideoDecoder\NvCodecs\FFmpegDemuxer.h" />
    <ClInclude Include="VideoDecoder\NvCodecs\FFmpegStreamer.h" />
    <ClInclude Include="VideoDecoder\NvCodecs\Logger.h" />
    <ClInclude Include="VideoDecoder\NvCodecs\NvCodecUtils.h" />
    <ClInclude Include="VideoDecoder\NvCodecs\NvDecoder.h" />
    <ClInclude Include="wrappers\CUDAContext.h" />
    <ClInclude Include="stl_replacements\robin_hood.h" />
  </ItemGroup>
</Project>