<?xml version="1.0" encoding="utf-8"?>
<Project ToolsVersion="4.0" xmlns="http://schemas.microsoft.com/developer/msbuild/2003">
  <ItemGroup>
    <Filter Include="CUDA">
      <UniqueIdentifier>{908bacf6-78e5-48c3-af10-b6bd15565939}</UniqueIdentifier>
    </Filter>
    <Filter Include="IPC">
      <UniqueIdentifier>{a2ddfdfc-2f33-4f77-bfb2-f900c5cc92b2}</UniqueIdentifier>
    </Filter>
    <Filter Include="VideoDecoder">
      <UniqueIdentifier>{1e5bb00f-92c4-477c-bfb2-038ae70788b1}</UniqueIdentifier>
    </Filter>
  </ItemGroup>
  <ItemGroup>
    <ClCompile Include="main.cc" />
  </ItemGroup>
  <ItemGroup>
    <CudaCompile Include="test_kernel.cu">
      <Filter>CUDA</Filter>
    </CudaCompile>
    <CudaCompile Include="TransNetV2\transnetv2.cu">
      <Filter>CUDA</Filter>
    </CudaCompile>
    <CudaCompile Include="CLIP\clip.cu" />
  </ItemGroup>
  <ItemGroup>
    <ClInclude Include="test_kernel.cuh">
      <Filter>CUDA</Filter>
    </ClInclude>
    <ClInclude Include="TransNetV2\transnetv2.cuh">
      <Filter>CUDA</Filter>
    </ClInclude>
    <ClInclude Include="CUDAWrapper\CUDAStream.h">
      <Filter>CUDA</Filter>
    </ClInclude>
    <ClInclude Include="wrappers\CUDAThreadContext.h" />
    <ClInclude Include="common.h" />
    <ClInclude Include="CLIP\clip.cuh" />
  </ItemGroup>
</Project>